
Microsoft Visual Studio Solution File, Format Version 12.00
# Visual Studio Version 16
VisualStudioVersion = 16.0.30320.27
MinimumVisualStudioVersion = 10.0.40219.1
Project("{9A19103F-16F7-4668-BE54-9A1E7A4F7556}") = "Ecf.Magellan", "src\Ecf.Magellan.csproj", "{2EDBCBF4-B288-447A-91DE-41207C2E132F}"
EndProject
Global
	GlobalSection(SolutionConfigurationPlatforms) = preSolution
		Debug|Any CPU = Debug|Any CPU
		Release|Any CPU = Release|Any CPU
	EndGlobalSection
	GlobalSection(ProjectConfigurationPlatforms) = postSolution
		{2EDBCBF4-B288-447A-91DE-41207C2E132F}.Debug|Any CPU.ActiveCfg = Debug|Any CPU
		{2EDBCBF4-B288-447A-91DE-41207C2E132F}.Debug|Any CPU.Build.0 = Debug|Any CPU
		{2EDBCBF4-B288-447A-91DE-41207C2E132F}.Release|Any CPU.ActiveCfg = Release|Any CPU
		{2EDBCBF4-B288-447A-91DE-41207C2E132F}.Release|Any CPU.Build.0 = Release|Any CPU
	EndGlobalSection
	GlobalSection(SolutionProperties) = preSolution
		HideSolutionNode = FALSE
	EndGlobalSection
	GlobalSection(ExtensibilityGlobals) = postSolution
		SolutionGuid = {27736779-E6A1-449D-892D-AF281B6069E7}
	EndGlobalSection
EndGlobal
